
Microsoft Visual Studio Solution File, Format Version 12.00
# Visual Studio Version 16
VisualStudioVersion = 16.0.29411.108
MinimumVisualStudioVersion = 10.0.40219.1
Project("{FAE04EC0-301F-11D3-BF4B-00C04F79EFBC}") = "Larder.WebMVC", "Larder\Larder.WebMVC.csproj", "{AF951C67-53C0-4421-9061-8E6F51DE3144}"
EndProject
Project("{FAE04EC0-301F-11D3-BF4B-00C04F79EFBC}") = "Larder.Tests", "Larder.Tests\Larder.Tests.csproj", "{78B0BF82-720B-487C-9881-FD578BF944E2}"
EndProject
Project("{FAE04EC0-301F-11D3-BF4B-00C04F79EFBC}") = "Larder.Data", "Larder.Data\Larder.Data.csproj", "{EF166BA7-AB60-4BED-8A03-3F79A71225A0}"
EndProject
Project("{FAE04EC0-301F-11D3-BF4B-00C04F79EFBC}") = "Larder.Contracts", "Larder.Contracts\Larder.Contracts.csproj", "{214C68AF-1F5D-44C4-86FE-C7DA1B7EB698}"
EndProject
Project("{FAE04EC0-301F-11D3-BF4B-00C04F79EFBC}") = "Larder.Models", "Larder.Models\Larder.Models.csproj", "{05F8128F-A9B7-4EEF-A1C7-CAA62FFB80FF}"
EndProject
Project("{FAE04EC0-301F-11D3-BF4B-00C04F79EFBC}") = "Larder.Services", "Larder.Services\Larder.Services.csproj", "{1A6E15F9-F28E-4E47-8886-C3D3D17C8291}"
EndProject
Global
	GlobalSection(SolutionConfigurationPlatforms) = preSolution
		Debug|Any CPU = Debug|Any CPU
		Release|Any CPU = Release|Any CPU
	EndGlobalSection
	GlobalSection(ProjectConfigurationPlatforms) = postSolution
		{AF951C67-53C0-4421-9061-8E6F51DE3144}.Debug|Any CPU.ActiveCfg = Debug|Any CPU
		{AF951C67-53C0-4421-9061-8E6F51DE3144}.Debug|Any CPU.Build.0 = Debug|Any CPU
		{AF951C67-53C0-4421-9061-8E6F51DE3144}.Release|Any CPU.ActiveCfg = Release|Any CPU
		{AF951C67-53C0-4421-9061-8E6F51DE3144}.Release|Any CPU.Build.0 = Release|Any CPU
		{78B0BF82-720B-487C-9881-FD578BF944E2}.Debug|Any CPU.ActiveCfg = Debug|Any CPU
		{78B0BF82-720B-487C-9881-FD578BF944E2}.Debug|Any CPU.Build.0 = Debug|Any CPU
		{78B0BF82-720B-487C-9881-FD578BF944E2}.Release|Any CPU.ActiveCfg = Release|Any CPU
		{78B0BF82-720B-487C-9881-FD578BF944E2}.Release|Any CPU.Build.0 = Release|Any CPU
		{EF166BA7-AB60-4BED-8A03-3F79A71225A0}.Debug|Any CPU.ActiveCfg = Debug|Any CPU
		{EF166BA7-AB60-4BED-8A03-3F79A71225A0}.Debug|Any CPU.Build.0 = Debug|Any CPU
		{EF166BA7-AB60-4BED-8A03-3F79A71225A0}.Release|Any CPU.ActiveCfg = Release|Any CPU
		{EF166BA7-AB60-4BED-8A03-3F79A71225A0}.Release|Any CPU.Build.0 = Release|Any CPU
		{214C68AF-1F5D-44C4-86FE-C7DA1B7EB698}.Debug|Any CPU.ActiveCfg = Debug|Any CPU
		{214C68AF-1F5D-44C4-86FE-C7DA1B7EB698}.Debug|Any CPU.Build.0 = Debug|Any CPU
		{214C68AF-1F5D-44C4-86FE-C7DA1B7EB698}.Release|Any CPU.ActiveCfg = Release|Any CPU
		{214C68AF-1F5D-44C4-86FE-C7DA1B7EB698}.Release|Any CPU.Build.0 = Release|Any CPU
		{05F8128F-A9B7-4EEF-A1C7-CAA62FFB80FF}.Debug|Any CPU.ActiveCfg = Debug|Any CPU
		{05F8128F-A9B7-4EEF-A1C7-CAA62FFB80FF}.Debug|Any CPU.Build.0 = Debug|Any CPU
		{05F8128F-A9B7-4EEF-A1C7-CAA62FFB80FF}.Release|Any CPU.ActiveCfg = Release|Any CPU
		{05F8128F-A9B7-4EEF-A1C7-CAA62FFB80FF}.Release|Any CPU.Build.0 = Release|Any CPU
		{1A6E15F9-F28E-4E47-8886-C3D3D17C8291}.Debug|Any CPU.ActiveCfg = Debug|Any CPU
		{1A6E15F9-F28E-4E47-8886-C3D3D17C8291}.Debug|Any CPU.Build.0 = Debug|Any CPU
		{1A6E15F9-F28E-4E47-8886-C3D3D17C8291}.Release|Any CPU.ActiveCfg = Release|Any CPU
		{1A6E15F9-F28E-4E47-8886-C3D3D17C8291}.Release|Any CPU.Build.0 = Release|Any CPU
	EndGlobalSection
	GlobalSection(SolutionProperties) = preSolution
		HideSolutionNode = FALSE
	EndGlobalSection
	GlobalSection(ExtensibilityGlobals) = postSolution
		SolutionGuid = {01FB4C79-2D39-4127-B8F4-06A046B40064}
	EndGlobalSection
EndGlobal
